
Microsoft Visual Studio Solution File, Format Version 12.00
Project("{FAE04EC0-301F-11D3-BF4B-00C04F79EFBC}") = "MVCDemo", "MVCDemo\MVCDemo.csproj", "{F14C65F6-3FFE-44E4-AF8E-32D28905C9D0}"
EndProject
Global
	GlobalSection(SolutionConfigurationPlatforms) = preSolution
		Debug|Any CPU = Debug|Any CPU
		Release|Any CPU = Release|Any CPU
	EndGlobalSection
	GlobalSection(ProjectConfigurationPlatforms) = postSolution
		{F14C65F6-3FFE-44E4-AF8E-32D28905C9D0}.Debug|Any CPU.ActiveCfg = Debug|Any CPU
		{F14C65F6-3FFE-44E4-AF8E-32D28905C9D0}.Debug|Any CPU.Build.0 = Debug|Any CPU
		{F14C65F6-3FFE-44E4-AF8E-32D28905C9D0}.Release|Any CPU.ActiveCfg = Release|Any CPU
		{F14C65F6-3FFE-44E4-AF8E-32D28905C9D0}.Release|Any CPU.Build.0 = Release|Any CPU
	EndGlobalSection
EndGlobal
