
Microsoft Visual Studio Solution File, Format Version 12.00
Project("{FAE04EC0-301F-11D3-BF4B-00C04F79EFBC}") = "TimsDinerDB", "TimsDinerDB\TimsDinerDB.csproj", "{C7ADF8E8-CA6A-4B11-9E40-F00B26BD8424}"
EndProject
Project("{FAE04EC0-301F-11D3-BF4B-00C04F79EFBC}") = "DataLibrary", "DataLibrary\DataLibrary.csproj", "{95F75D20-06A9-4378-A34A-E8E0C20391BC}"
EndProject
Global
	GlobalSection(SolutionConfigurationPlatforms) = preSolution
		Debug|Any CPU = Debug|Any CPU
		Release|Any CPU = Release|Any CPU
	EndGlobalSection
	GlobalSection(ProjectConfigurationPlatforms) = postSolution
		{C7ADF8E8-CA6A-4B11-9E40-F00B26BD8424}.Debug|Any CPU.ActiveCfg = Debug|Any CPU
		{C7ADF8E8-CA6A-4B11-9E40-F00B26BD8424}.Debug|Any CPU.Build.0 = Debug|Any CPU
		{C7ADF8E8-CA6A-4B11-9E40-F00B26BD8424}.Release|Any CPU.ActiveCfg = Release|Any CPU
		{C7ADF8E8-CA6A-4B11-9E40-F00B26BD8424}.Release|Any CPU.Build.0 = Release|Any CPU
		{95F75D20-06A9-4378-A34A-E8E0C20391BC}.Debug|Any CPU.ActiveCfg = Debug|Any CPU
		{95F75D20-06A9-4378-A34A-E8E0C20391BC}.Debug|Any CPU.Build.0 = Debug|Any CPU
		{95F75D20-06A9-4378-A34A-E8E0C20391BC}.Release|Any CPU.ActiveCfg = Release|Any CPU
		{95F75D20-06A9-4378-A34A-E8E0C20391BC}.Release|Any CPU.Build.0 = Release|Any CPU
	EndGlobalSection
EndGlobal
