
Microsoft Visual Studio Solution File, Format Version 12.00
Project("{FAE04EC0-301F-11D3-BF4B-00C04F79EFBC}") = "RazorPagesDemo", "RazorPagesDemo\RazorPagesDemo.csproj", "{67FBE027-86B0-48F2-979D-7CE0EB8B87F7}"
EndProject
Global
	GlobalSection(SolutionConfigurationPlatforms) = preSolution
		Debug|Any CPU = Debug|Any CPU
		Release|Any CPU = Release|Any CPU
	EndGlobalSection
	GlobalSection(ProjectConfigurationPlatforms) = postSolution
		{67FBE027-86B0-48F2-979D-7CE0EB8B87F7}.Debug|Any CPU.ActiveCfg = Debug|Any CPU
		{67FBE027-86B0-48F2-979D-7CE0EB8B87F7}.Debug|Any CPU.Build.0 = Debug|Any CPU
		{67FBE027-86B0-48F2-979D-7CE0EB8B87F7}.Release|Any CPU.ActiveCfg = Release|Any CPU
		{67FBE027-86B0-48F2-979D-7CE0EB8B87F7}.Release|Any CPU.Build.0 = Release|Any CPU
	EndGlobalSection
EndGlobal
