
Microsoft Visual Studio Solution File, Format Version 12.00
Project("{FAE04EC0-301F-11D3-BF4B-00C04F79EFBC}") = "BlazorClientDemoApp", "BlazorClientDemoApp\BlazorClientDemoApp.csproj", "{3C2CE9E6-D5A0-48EE-AED8-59B17A0F9374}"
EndProject
Global
	GlobalSection(SolutionConfigurationPlatforms) = preSolution
		Debug|Any CPU = Debug|Any CPU
		Release|Any CPU = Release|Any CPU
	EndGlobalSection
	GlobalSection(ProjectConfigurationPlatforms) = postSolution
		{3C2CE9E6-D5A0-48EE-AED8-59B17A0F9374}.Debug|Any CPU.ActiveCfg = Debug|Any CPU
		{3C2CE9E6-D5A0-48EE-AED8-59B17A0F9374}.Debug|Any CPU.Build.0 = Debug|Any CPU
		{3C2CE9E6-D5A0-48EE-AED8-59B17A0F9374}.Release|Any CPU.ActiveCfg = Release|Any CPU
		{3C2CE9E6-D5A0-48EE-AED8-59B17A0F9374}.Release|Any CPU.Build.0 = Release|Any CPU
	EndGlobalSection
EndGlobal
